
Microsoft Visual Studio Solution File, Format Version 12.00
# Visual Studio Version 16
VisualStudioVersion = 16.0.29025.244
MinimumVisualStudioVersion = 10.0.40219.1
Project("{9A19103F-16F7-4668-BE54-9A1E7A4F7556}") = "Idg.AsyncTestTools", "Idg.AsyncTestTools\Idg.AsyncTestTools.csproj", "{B71F7635-5B16-4554-B455-57E48176CCB2}"
EndProject
Project("{9A19103F-16F7-4668-BE54-9A1E7A4F7556}") = "Idg.AsyncTestTools.Tests", "Idg.AsyncTestTools.Tests\Idg.AsyncTestTools.Tests.csproj", "{4A4E986B-ADAE-4CCC-8991-C77BDE4A7AD8}"
EndProject
Project("{2150E333-8FDC-42A3-9474-1A3956D46DE8}") = "Build", "Build", "{53A82589-70BD-4BE1-9AFD-9B8F4956A3D3}"
	ProjectSection(SolutionItems) = preProject
		..\azure-pipelines.yml = ..\azure-pipelines.yml
		..\GitVersion.yml = ..\GitVersion.yml
	EndProjectSection
EndProject
Global
	GlobalSection(SolutionConfigurationPlatforms) = preSolution
		Debug|Any CPU = Debug|Any CPU
		Release|Any CPU = Release|Any CPU
	EndGlobalSection
	GlobalSection(ProjectConfigurationPlatforms) = postSolution
		{B71F7635-5B16-4554-B455-57E48176CCB2}.Debug|Any CPU.ActiveCfg = Debug|Any CPU
		{B71F7635-5B16-4554-B455-57E48176CCB2}.Debug|Any CPU.Build.0 = Debug|Any CPU
		{B71F7635-5B16-4554-B455-57E48176CCB2}.Release|Any CPU.ActiveCfg = Release|Any CPU
		{B71F7635-5B16-4554-B455-57E48176CCB2}.Release|Any CPU.Build.0 = Release|Any CPU
		{4A4E986B-ADAE-4CCC-8991-C77BDE4A7AD8}.Debug|Any CPU.ActiveCfg = Debug|Any CPU
		{4A4E986B-ADAE-4CCC-8991-C77BDE4A7AD8}.Debug|Any CPU.Build.0 = Debug|Any CPU
		{4A4E986B-ADAE-4CCC-8991-C77BDE4A7AD8}.Release|Any CPU.ActiveCfg = Release|Any CPU
		{4A4E986B-ADAE-4CCC-8991-C77BDE4A7AD8}.Release|Any CPU.Build.0 = Release|Any CPU
	EndGlobalSection
	GlobalSection(SolutionProperties) = preSolution
		HideSolutionNode = FALSE
	EndGlobalSection
	GlobalSection(ExtensibilityGlobals) = postSolution
		SolutionGuid = {0973E4F9-7F09-47F9-8C7E-2254BACD383B}
	EndGlobalSection
EndGlobal
